// !$*UTF8*$!
{
	archiveVersion = 1;
	classes = {
	};
	objectVersion = 56;
	objects = {

/* Begin PBXBuildFile section */
		10BA2F812B02B7890004DF69 /* Project3AnimationsApp.swift in Sources */ = {isa = PBXBuildFile; fileRef = 10BA2F802B02B7890004DF69 /* Project3AnimationsApp.swift */; };
		10BA2F832B02B7890004DF69 /* ContentView.swift in Sources */ = {isa = PBXBuildFile; fileRef = 10BA2F822B02B7890004DF69 /* ContentView.swift */; };
		10BA2F852B02B78A0004DF69 /* Assets.xcassets in Resources */ = {isa = PBXBuildFile; fileRef = 10BA2F842B02B78A0004DF69 /* Assets.xcassets */; };
		10BA2F892B02B78A0004DF69 /* Preview Assets.xcassets in Resources */ = {isa = PBXBuildFile; fileRef = 10BA2F882B02B78A0004DF69 /* Preview Assets.xcassets */; };
		10BA2F932B02B78A0004DF69 /* Project3AnimationsTests.swift in Sources */ = {isa = PBXBuildFile; fileRef = 10BA2F922B02B78A0004DF69 /* Project3AnimationsTests.swift */; };
		10BA2F9D2B02B78A0004DF69 /* Project3AnimationsUITests.swift in Sources */ = {isa = PBXBuildFile; fileRef = 10BA2F9C2B02B78A0004DF69 /* Project3AnimationsUITests.swift */; };
		10BA2F9F2B02B78A0004DF69 /* Project3AnimationsUITestsLaunchTests.swift in Sources */ = {isa = PBXBuildFile; fileRef = 10BA2F9E2B02B78A0004DF69 /* Project3AnimationsUITestsLaunchTests.swift */; };
		10BA2FAC2B02B7E60004DF69 /* FirstTabView.swift in Sources */ = {isa = PBXBuildFile; fileRef = 10BA2FAB2B02B7E60004DF69 /* FirstTabView.swift */; };
		10BA2FAE2B02B7F30004DF69 /* SecondFileView.swift in Sources */ = {isa = PBXBuildFile; fileRef = 10BA2FAD2B02B7F30004DF69 /* SecondFileView.swift */; };
		10BA2FB02B02B8040004DF69 /* ThirdFileView.swift in Sources */ = {isa = PBXBuildFile; fileRef = 10BA2FAF2B02B8040004DF69 /* ThirdFileView.swift */; };
/* End PBXBuildFile section */

/* Begin PBXContainerItemProxy section */
		10BA2F8F2B02B78A0004DF69 /* PBXContainerItemProxy */ = {
			isa = PBXContainerItemProxy;
			containerPortal = 10BA2F752B02B7890004DF69 /* Project object */;
			proxyType = 1;
			remoteGlobalIDString = 10BA2F7C2B02B7890004DF69;
			remoteInfo = Project3Animations;
		};
		10BA2F992B02B78A0004DF69 /* PBXContainerItemProxy */ = {
			isa = PBXContainerItemProxy;
			containerPortal = 10BA2F752B02B7890004DF69 /* Project object */;
			proxyType = 1;
			remoteGlobalIDString = 10BA2F7C2B02B7890004DF69;
			remoteInfo = Project3Animations;
		};
/* End PBXContainerItemProxy section */

/* Begin PBXFileReference section */
		10BA2F7D2B02B7890004DF69 /* Project3Animations.app */ = {isa = PBXFileReference; explicitFileType = wrapper.application; includeInIndex = 0; path = Project3Animations.app; sourceTree = BUILT_PRODUCTS_DIR; };
		10BA2F802B02B7890004DF69 /* Project3AnimationsApp.swift */ = {isa = PBXFileReference; lastKnownFileType = sourcecode.swift; path = Project3AnimationsApp.swift; sourceTree = "<group>"; };
		10BA2F822B02B7890004DF69 /* ContentView.swift */ = {isa = PBXFileReference; lastKnownFileType = sourcecode.swift; path = ContentView.swift; sourceTree = "<group>"; };
		10BA2F842B02B78A0004DF69 /* Assets.xcassets */ = {isa = PBXFileReference; lastKnownFileType = folder.assetcatalog; path = Assets.xcassets; sourceTree = "<group>"; };
		10BA2F862B02B78A0004DF69 /* Project3Animations.entitlements */ = {isa = PBXFileReference; lastKnownFileType = text.plist.entitlements; path = Project3Animations.entitlements; sourceTree = "<group>"; };
		10BA2F882B02B78A0004DF69 /* Preview Assets.xcassets */ = {isa = PBXFileReference; lastKnownFileType = folder.assetcatalog; path = "Preview Assets.xcassets"; sourceTree = "<group>"; };
		10BA2F8E2B02B78A0004DF69 /* Project3AnimationsTests.xctest */ = {isa = PBXFileReference; explicitFileType = wrapper.cfbundle; includeInIndex = 0; path = Project3AnimationsTests.xctest; sourceTree = BUILT_PRODUCTS_DIR; };
		10BA2F922B02B78A0004DF69 /* Project3AnimationsTests.swift */ = {isa = PBXFileReference; lastKnownFileType = sourcecode.swift; path = Project3AnimationsTests.swift; sourceTree = "<group>"; };
		10BA2F982B02B78A0004DF69 /* Project3AnimationsUITests.xctest */ = {isa = PBXFileReference; explicitFileType = wrapper.cfbundle; includeInIndex = 0; path = Project3AnimationsUITests.xctest; sourceTree = BUILT_PRODUCTS_DIR; };
		10BA2F9C2B02B78A0004DF69 /* Project3AnimationsUITests.swift */ = {isa = PBXFileReference; lastKnownFileType = sourcecode.swift; path = Project3AnimationsUITests.swift; sourceTree = "<group>"; };
		10BA2F9E2B02B78A0004DF69 /* Project3AnimationsUITestsLaunchTests.swift */ = {isa = PBXFileReference; lastKnownFileType = sourcecode.swift; path = Project3AnimationsUITestsLaunchTests.swift; sourceTree = "<group>"; };
		10BA2FAB2B02B7E60004DF69 /* FirstTabView.swift */ = {isa = PBXFileReference; lastKnownFileType = sourcecode.swift; path = FirstTabView.swift; sourceTree = "<group>"; };
		10BA2FAD2B02B7F30004DF69 /* SecondFileView.swift */ = {isa = PBXFileReference; lastKnownFileType = sourcecode.swift; path = SecondFileView.swift; sourceTree = "<group>"; };
		10BA2FAF2B02B8040004DF69 /* ThirdFileView.swift */ = {isa = PBXFileReference; lastKnownFileType = sourcecode.swift; path = ThirdFileView.swift; sourceTree = "<group>"; };
/* End PBXFileReference section */

/* Begin PBXFrameworksBuildPhase section */
		10BA2F7A2B02B7890004DF69 /* Frameworks */ = {
			isa = PBXFrameworksBuildPhase;
			buildActionMask = 2147483647;
			files = (
			);
			runOnlyForDeploymentPostprocessing = 0;
		};
		10BA2F8B2B02B78A0004DF69 /* Frameworks */ = {
			isa = PBXFrameworksBuildPhase;
			buildActionMask = 2147483647;
			files = (
			);
			runOnlyForDeploymentPostprocessing = 0;
		};
		10BA2F952B02B78A0004DF69 /* Frameworks */ = {
			isa = PBXFrameworksBuildPhase;
			buildActionMask = 2147483647;
			files = (
			);
			runOnlyForDeploymentPostprocessing = 0;
		};
/* End PBXFrameworksBuildPhase section */

/* Begin PBXGroup section */
		10BA2F742B02B7890004DF69 = {
			isa = PBXGroup;
			children = (
				10BA2F7F2B02B7890004DF69 /* Project3Animations */,
				10BA2F912B02B78A0004DF69 /* Project3AnimationsTests */,
				10BA2F9B2B02B78A0004DF69 /* Project3AnimationsUITests */,
				10BA2F7E2B02B7890004DF69 /* Products */,
			);
			sourceTree = "<group>";
		};
		10BA2F7E2B02B7890004DF69 /* Products */ = {
			isa = PBXGroup;
			children = (
				10BA2F7D2B02B7890004DF69 /* Project3Animations.app */,
				10BA2F8E2B02B78A0004DF69 /* Project3AnimationsTests.xctest */,
				10BA2F982B02B78A0004DF69 /* Project3AnimationsUITests.xctest */,
			);
			name = Products;
			sourceTree = "<group>";
		};
		10BA2F7F2B02B7890004DF69 /* Project3Animations */ = {
			isa = PBXGroup;
			children = (
				10BA2F802B02B7890004DF69 /* Project3AnimationsApp.swift */,
				10BA2F822B02B7890004DF69 /* ContentView.swift */,
				10BA2FAD2B02B7F30004DF69 /* SecondFileView.swift */,
				10BA2FAF2B02B8040004DF69 /* ThirdFileView.swift */,
				10BA2FAB2B02B7E60004DF69 /* FirstTabView.swift */,
				10BA2F842B02B78A0004DF69 /* Assets.xcassets */,
				10BA2F862B02B78A0004DF69 /* Project3Animations.entitlements */,
				10BA2F872B02B78A0004DF69 /* Preview Content */,
			);
			path = Project3Animations;
			sourceTree = "<group>";
		};
		10BA2F872B02B78A0004DF69 /* Preview Content */ = {
			isa = PBXGroup;
			children = (
				10BA2F882B02B78A0004DF69 /* Preview Assets.xcassets */,
			);
			path = "Preview Content";
			sourceTree = "<group>";
		};
		10BA2F912B02B78A0004DF69 /* Project3AnimationsTests */ = {
			isa = PBXGroup;
			children = (
				10BA2F922B02B78A0004DF69 /* Project3AnimationsTests.swift */,
			);
			path = Project3AnimationsTests;
			sourceTree = "<group>";
		};
		10BA2F9B2B02B78A0004DF69 /* Project3AnimationsUITests */ = {
			isa = PBXGroup;
			children = (
				10BA2F9C2B02B78A0004DF69 /* Project3AnimationsUITests.swift */,
				10BA2F9E2B02B78A0004DF69 /* Project3AnimationsUITestsLaunchTests.swift */,
			);
			path = Project3AnimationsUITests;
			sourceTree = "<group>";
		};
/* End PBXGroup section */

/* Begin PBXNativeTarget section */
		10BA2F7C2B02B7890004DF69 /* Project3Animations */ = {
			isa = PBXNativeTarget;
			buildConfigurationList = 10BA2FA22B02B78A0004DF69 /* Build configuration list for PBXNativeTarget "Project3Animations" */;
			buildPhases = (
				10BA2F792B02B7890004DF69 /* Sources */,
				10BA2F7A2B02B7890004DF69 /* Frameworks */,
				10BA2F7B2B02B7890004DF69 /* Resources */,
			);
			buildRules = (
			);
			dependencies = (
			);
			name = Project3Animations;
			productName = Project3Animations;
			productReference = 10BA2F7D2B02B7890004DF69 /* Project3Animations.app */;
			productType = "com.apple.product-type.application";
		};
		10BA2F8D2B02B78A0004DF69 /* Project3AnimationsTests */ = {
			isa = PBXNativeTarget;
			buildConfigurationList = 10BA2FA52B02B78A0004DF69 /* Build configuration list for PBXNativeTarget "Project3AnimationsTests" */;
			buildPhases = (
				10BA2F8A2B02B78A0004DF69 /* Sources */,
				10BA2F8B2B02B78A0004DF69 /* Frameworks */,
				10BA2F8C2B02B78A0004DF69 /* Resources */,
			);
			buildRules = (
			);
			dependencies = (
				10BA2F902B02B78A0004DF69 /* PBXTargetDependency */,
			);
			name = Project3AnimationsTests;
			productName = Project3AnimationsTests;
			productReference = 10BA2F8E2B02B78A0004DF69 /* Project3AnimationsTests.xctest */;
			productType = "com.apple.product-type.bundle.unit-test";
		};
		10BA2F972B02B78A0004DF69 /* Project3AnimationsUITests */ = {
			isa = PBXNativeTarget;
			buildConfigurationList = 10BA2FA82B02B78A0004DF69 /* Build configuration list for PBXNativeTarget "Project3AnimationsUITests" */;
			buildPhases = (
				10BA2F942B02B78A0004DF69 /* Sources */,
				10BA2F952B02B78A0004DF69 /* Frameworks */,
				10BA2F962B02B78A0004DF69 /* Resources */,
			);
			buildRules = (
			);
			dependencies = (
				10BA2F9A2B02B78A0004DF69 /* PBXTargetDependency */,
			);
			name = Project3AnimationsUITests;
			productName = Project3AnimationsUITests;
			productReference = 10BA2F982B02B78A0004DF69 /* Project3AnimationsUITests.xctest */;
			productType = "com.apple.product-type.bundle.ui-testing";
		};
/* End PBXNativeTarget section */

/* Begin PBXProject section */
		10BA2F752B02B7890004DF69 /* Project object */ = {
			isa = PBXProject;
			attributes = {
				BuildIndependentTargetsInParallel = 1;
				LastSwiftUpdateCheck = 1500;
				LastUpgradeCheck = 1500;
				TargetAttributes = {
					10BA2F7C2B02B7890004DF69 = {
						CreatedOnToolsVersion = 15.0.1;
					};
					10BA2F8D2B02B78A0004DF69 = {
						CreatedOnToolsVersion = 15.0.1;
						TestTargetID = 10BA2F7C2B02B7890004DF69;
					};
					10BA2F972B02B78A0004DF69 = {
						CreatedOnToolsVersion = 15.0.1;
						TestTargetID = 10BA2F7C2B02B7890004DF69;
					};
				};
			};
			buildConfigurationList = 10BA2F782B02B7890004DF69 /* Build configuration list for PBXProject "Project3Animations" */;
			compatibilityVersion = "Xcode 14.0";
			developmentRegion = en;
			hasScannedForEncodings = 0;
			knownRegions = (
				en,
				Base,
			);
			mainGroup = 10BA2F742B02B7890004DF69;
			productRefGroup = 10BA2F7E2B02B7890004DF69 /* Products */;
			projectDirPath = "";
			projectRoot = "";
			targets = (
				10BA2F7C2B02B7890004DF69 /* Project3Animations */,
				10BA2F8D2B02B78A0004DF69 /* Project3AnimationsTests */,
				10BA2F972B02B78A0004DF69 /* Project3AnimationsUITests */,
			);
		};
/* End PBXProject section */

/* Begin PBXResourcesBuildPhase section */
		10BA2F7B2B02B7890004DF69 /* Resources */ = {
			isa = PBXResourcesBuildPhase;
			buildActionMask = 2147483647;
			files = (
				10BA2F892B02B78A0004DF69 /* Preview Assets.xcassets in Resources */,
				10BA2F852B02B78A0004DF69 /* Assets.xcassets in Resources */,
			);
			runOnlyForDeploymentPostprocessing = 0;
		};
		10BA2F8C2B02B78A0004DF69 /* Resources */ = {
			isa = PBXResourcesBuildPhase;
			buildActionMask = 2147483647;
			files = (
			);
			runOnlyForDeploymentPostprocessing = 0;
		};
		10BA2F962B02B78A0004DF69 /* Resources */ = {
			isa = PBXResourcesBuildPhase;
			buildActionMask = 2147483647;
			files = (
			);
			runOnlyForDeploymentPostprocessing = 0;
		};
/* End PBXResourcesBuildPhase section */

/* Begin PBXSourcesBuildPhase section */
		10BA2F792B02B7890004DF69 /* Sources */ = {
			isa = PBXSourcesBuildPhase;
			buildActionMask = 2147483647;
			files = (
				10BA2F832B02B7890004DF69 /* ContentView.swift in Sources */,
				10BA2FAC2B02B7E60004DF69 /* FirstTabView.swift in Sources */,
				10BA2FB02B02B8040004DF69 /* ThirdFileView.swift in Sources */,
				10BA2FAE2B02B7F30004DF69 /* SecondFileView.swift in Sources */,
				10BA2F812B02B7890004DF69 /* Project3AnimationsApp.swift in Sources */,
			);
			runOnlyForDeploymentPostprocessing = 0;
		};
		10BA2F8A2B02B78A0004DF69 /* Sources */ = {
			isa = PBXSourcesBuildPhase;
			buildActionMask = 2147483647;
			files = (
				10BA2F932B02B78A0004DF69 /* Project3AnimationsTests.swift in Sources */,
			);
			runOnlyForDeploymentPostprocessing = 0;
		};
		10BA2F942B02B78A0004DF69 /* Sources */ = {
			isa = PBXSourcesBuildPhase;
			buildActionMask = 2147483647;
			files = (
				10BA2F9D2B02B78A0004DF69 /* Project3AnimationsUITests.swift in Sources */,
				10BA2F9F2B02B78A0004DF69 /* Project3AnimationsUITestsLaunchTests.swift in Sources */,
			);
			runOnlyForDeploymentPostprocessing = 0;
		};
/* End PBXSourcesBuildPhase section */

/* Begin PBXTargetDependency section */
		10BA2F902B02B78A0004DF69 /* PBXTargetDependency */ = {
			isa = PBXTargetDependency;
			target = 10BA2F7C2B02B7890004DF69 /* Project3Animations */;
			targetProxy = 10BA2F8F2B02B78A0004DF69 /* PBXContainerItemProxy */;
		};
		10BA2F9A2B02B78A0004DF69 /* PBXTargetDependency */ = {
			isa = PBXTargetDependency;
			target = 10BA2F7C2B02B7890004DF69 /* Project3Animations */;
			targetProxy = 10BA2F992B02B78A0004DF69 /* PBXContainerItemProxy */;
		};
/* End PBXTargetDependency section */

/* Begin XCBuildConfiguration section */
		10BA2FA02B02B78A0004DF69 /* Debug */ = {
			isa = XCBuildConfiguration;
			buildSettings = {
				ALWAYS_SEARCH_USER_PATHS = NO;
				ASSETCATALOG_COMPILER_GENERATE_SWIFT_ASSET_SYMBOL_EXTENSIONS = YES;
				CLANG_ANALYZER_NONNULL = YES;
				CLANG_ANALYZER_NUMBER_OBJECT_CONVERSION = YES_AGGRESSIVE;
				CLANG_CXX_LANGUAGE_STANDARD = "gnu++20";
				CLANG_ENABLE_MODULES = YES;
				CLANG_ENABLE_OBJC_ARC = YES;
				CLANG_ENABLE_OBJC_WEAK = YES;
				CLANG_WARN_BLOCK_CAPTURE_AUTORELEASING = YES;
				CLANG_WARN_BOOL_CONVERSION = YES;
				CLANG_WARN_COMMA = YES;
				CLANG_WARN_CONSTANT_CONVERSION = YES;
				CLANG_WARN_DEPRECATED_OBJC_IMPLEMENTATIONS = YES;
				CLANG_WARN_DIRECT_OBJC_ISA_USAGE = YES_ERROR;
				CLANG_WARN_DOCUMENTATION_COMMENTS = YES;
				CLANG_WARN_EMPTY_BODY = YES;
				CLANG_WARN_ENUM_CONVERSION = YES;
				CLANG_WARN_INFINITE_RECURSION = YES;
				CLANG_WARN_INT_CONVERSION = YES;
				CLANG_WARN_NON_LITERAL_NULL_CONVERSION = YES;
				CLANG_WARN_OBJC_IMPLICIT_RETAIN_SELF = YES;
				CLANG_WARN_OBJC_LITERAL_CONVERSION = YES;
				CLANG_WARN_OBJC_ROOT_CLASS = YES_ERROR;
				CLANG_WARN_QUOTED_INCLUDE_IN_FRAMEWORK_HEADER = YES;
				CLANG_WARN_RANGE_LOOP_ANALYSIS = YES;
				CLANG_WARN_STRICT_PROTOTYPES = YES;
				CLANG_WARN_SUSPICIOUS_MOVE = YES;
				CLANG_WARN_UNGUARDED_AVAILABILITY = YES_AGGRESSIVE;
				CLANG_WARN_UNREACHABLE_CODE = YES;
				CLANG_WARN__DUPLICATE_METHOD_MATCH = YES;
				COPY_PHASE_STRIP = NO;
				DEBUG_INFORMATION_FORMAT = dwarf;
				ENABLE_STRICT_OBJC_MSGSEND = YES;
				ENABLE_TESTABILITY = YES;
				ENABLE_USER_SCRIPT_SANDBOXING = YES;
				GCC_C_LANGUAGE_STANDARD = gnu17;
				GCC_DYNAMIC_NO_PIC = NO;
				GCC_NO_COMMON_BLOCKS = YES;
				GCC_OPTIMIZATION_LEVEL = 0;
				GCC_PREPROCESSOR_DEFINITIONS = (
					"DEBUG=1",
					"$(inherited)",
				);
				GCC_WARN_64_TO_32_BIT_CONVERSION = YES;
				GCC_WARN_ABOUT_RETURN_TYPE = YES_ERROR;
				GCC_WARN_UNDECLARED_SELECTOR = YES;
				GCC_WARN_UNINITIALIZED_AUTOS = YES_AGGRESSIVE;
				GCC_WARN_UNUSED_FUNCTION = YES;
				GCC_WARN_UNUSED_VARIABLE = YES;
				LOCALIZATION_PREFERS_STRING_CATALOGS = YES;
				MTL_ENABLE_DEBUG_INFO = INCLUDE_SOURCE;
				MTL_FAST_MATH = YES;
				ONLY_ACTIVE_ARCH = YES;
				SWIFT_ACTIVE_COMPILATION_CONDITIONS = "DEBUG $(inherited)";
				SWIFT_OPTIMIZATION_LEVEL = "-Onone";
			};
			name = Debug;
		};
		10BA2FA12B02B78A0004DF69 /* Release */ = {
			isa = XCBuildConfiguration;
			buildSettings = {
				ALWAYS_SEARCH_USER_PATHS = NO;
				ASSETCATALOG_COMPILER_GENERATE_SWIFT_ASSET_SYMBOL_EXTENSIONS = YES;
				CLANG_ANALYZER_NONNULL = YES;
				CLANG_ANALYZER_NUMBER_OBJECT_CONVERSION = YES_AGGRESSIVE;
				CLANG_CXX_LANGUAGE_STANDARD = "gnu++20";
				CLANG_ENABLE_MODULES = YES;
				CLANG_ENABLE_OBJC_ARC = YES;
				CLANG_ENABLE_OBJC_WEAK = YES;
				CLANG_WARN_BLOCK_CAPTURE_AUTORELEASING = YES;
				CLANG_WARN_BOOL_CONVERSION = YES;
				CLANG_WARN_COMMA = YES;
				CLANG_WARN_CONSTANT_CONVERSION = YES;
				CLANG_WARN_DEPRECATED_OBJC_IMPLEMENTATIONS = YES;
				CLANG_WARN_DIRECT_OBJC_ISA_USAGE = YES_ERROR;
				CLANG_WARN_DOCUMENTATION_COMMENTS = YES;
				CLANG_WARN_EMPTY_BODY = YES;
				CLANG_WARN_ENUM_CONVERSION = YES;
				CLANG_WARN_INFINITE_RECURSION = YES;
				CLANG_WARN_INT_CONVERSION = YES;
				CLANG_WARN_NON_LITERAL_NULL_CONVERSION = YES;
				CLANG_WARN_OBJC_IMPLICIT_RETAIN_SELF = YES;
				CLANG_WARN_OBJC_LITERAL_CONVERSION = YES;
				CLANG_WARN_OBJC_ROOT_CLASS = YES_ERROR;
				CLANG_WARN_QUOTED_INCLUDE_IN_FRAMEWORK_HEADER = YES;
				CLANG_WARN_RANGE_LOOP_ANALYSIS = YES;
				CLANG_WARN_STRICT_PROTOTYPES = YES;
				CLANG_WARN_SUSPICIOUS_MOVE = YES;
				CLANG_WARN_UNGUARDED_AVAILABILITY = YES_AGGRESSIVE;
				CLANG_WARN_UNREACHABLE_CODE = YES;
				CLANG_WARN__DUPLICATE_METHOD_MATCH = YES;
				COPY_PHASE_STRIP = NO;
				DEBUG_INFORMATION_FORMAT = "dwarf-with-dsym";
				ENABLE_NS_ASSERTIONS = NO;
				ENABLE_STRICT_OBJC_MSGSEND = YES;
				ENABLE_USER_SCRIPT_SANDBOXING = YES;
				GCC_C_LANGUAGE_STANDARD = gnu17;
				GCC_NO_COMMON_BLOCKS = YES;
				GCC_WARN_64_TO_32_BIT_CONVERSION = YES;
				GCC_WARN_ABOUT_RETURN_TYPE = YES_ERROR;
				GCC_WARN_UNDECLARED_SELECTOR = YES;
				GCC_WARN_UNINITIALIZED_AUTOS = YES_AGGRESSIVE;
				GCC_WARN_UNUSED_FUNCTION = YES;
				GCC_WARN_UNUSED_VARIABLE = YES;
				LOCALIZATION_PREFERS_STRING_CATALOGS = YES;
				MTL_ENABLE_DEBUG_INFO = NO;
				MTL_FAST_MATH = YES;
				SWIFT_COMPILATION_MODE = wholemodule;
			};
			name = Release;
		};
		10BA2FA32B02B78A0004DF69 /* Debug */ = {
			isa = XCBuildConfiguration;
			buildSettings = {
				ASSETCATALOG_COMPILER_APPICON_NAME = AppIcon;
				ASSETCATALOG_COMPILER_GLOBAL_ACCENT_COLOR_NAME = AccentColor;
				CODE_SIGN_ENTITLEMENTS = Project3Animations/Project3Animations.entitlements;
				CODE_SIGN_STYLE = Automatic;
				CURRENT_PROJECT_VERSION = 1;
				DEVELOPMENT_ASSET_PATHS = "\"Project3Animations/Preview Content\"";
				DEVELOPMENT_TEAM = 939KBM9622;
				ENABLE_HARDENED_RUNTIME = YES;
				ENABLE_PREVIEWS = YES;
				GENERATE_INFOPLIST_FILE = YES;
				"INFOPLIST_KEY_UIApplicationSceneManifest_Generation[sdk=iphoneos*]" = YES;
				"INFOPLIST_KEY_UIApplicationSceneManifest_Generation[sdk=iphonesimulator*]" = YES;
				"INFOPLIST_KEY_UIApplicationSupportsIndirectInputEvents[sdk=iphoneos*]" = YES;
				"INFOPLIST_KEY_UIApplicationSupportsIndirectInputEvents[sdk=iphonesimulator*]" = YES;
				"INFOPLIST_KEY_UILaunchScreen_Generation[sdk=iphoneos*]" = YES;
				"INFOPLIST_KEY_UILaunchScreen_Generation[sdk=iphonesimulator*]" = YES;
				"INFOPLIST_KEY_UIStatusBarStyle[sdk=iphoneos*]" = UIStatusBarStyleDefault;
				"INFOPLIST_KEY_UIStatusBarStyle[sdk=iphonesimulator*]" = UIStatusBarStyleDefault;
				INFOPLIST_KEY_UISupportedInterfaceOrientations_iPad = "UIInterfaceOrientationPortrait UIInterfaceOrientationPortraitUpsideDown UIInterfaceOrientationLandscapeLeft UIInterfaceOrientationLandscapeRight";
				INFOPLIST_KEY_UISupportedInterfaceOrientations_iPhone = "UIInterfaceOrientationPortrait UIInterfaceOrientationLandscapeLeft UIInterfaceOrientationLandscapeRight";
				IPHONEOS_DEPLOYMENT_TARGET = 17.0;
				LD_RUNPATH_SEARCH_PATHS = "@executable_path/Frameworks";
				"LD_RUNPATH_SEARCH_PATHS[sdk=macosx*]" = "@executable_path/../Frameworks";
				MACOSX_DEPLOYMENT_TARGET = 13.5;
				MARKETING_VERSION = 1.0;
				PRODUCT_BUNDLE_IDENTIFIER = ZackKlopukh.Project3Animations;
				PRODUCT_NAME = "$(TARGET_NAME)";
				SDKROOT = auto;
				SUPPORTED_PLATFORMS = "iphoneos iphonesimulator macosx";
				SWIFT_EMIT_LOC_STRINGS = YES;
				SWIFT_VERSION = 5.0;
				TARGETED_DEVICE_FAMILY = "1,2";
			};
			name = Debug;
		};
		10BA2FA42B02B78A0004DF69 /* Release */ = {
			isa = XCBuildConfiguration;
			buildSettings = {
				ASSETCATALOG_COMPILER_APPICON_NAME = AppIcon;
				ASSETCATALOG_COMPILER_GLOBAL_ACCENT_COLOR_NAME = AccentColor;
				CODE_SIGN_ENTITLEMENTS = Project3Animations/Project3Animations.entitlements;
				CODE_SIGN_STYLE = Automatic;
				CURRENT_PROJECT_VERSION = 1;
				DEVELOPMENT_ASSET_PATHS = "\"Project3Animations/Preview Content\"";
				DEVELOPMENT_TEAM = 939KBM9622;
				ENABLE_HARDENED_RUNTIME = YES;
				ENABLE_PREVIEWS = YES;
				GENERATE_INFOPLIST_FILE = YES;
				"INFOPLIST_KEY_UIApplicationSceneManifest_Generation[sdk=iphoneos*]" = YES;
				"INFOPLIST_KEY_UIApplicationSceneManifest_Generation[sdk=iphonesimulator*]" = YES;
				"INFOPLIST_KEY_UIApplicationSupportsIndirectInputEvents[sdk=iphoneos*]" = YES;
				"INFOPLIST_KEY_UIApplicationSupportsIndirectInputEvents[sdk=iphonesimulator*]" = YES;
				"INFOPLIST_KEY_UILaunchScreen_Generation[sdk=iphoneos*]" = YES;
				"INFOPLIST_KEY_UILaunchScreen_Generation[sdk=iphonesimulator*]" = YES;
				"INFOPLIST_KEY_UIStatusBarStyle[sdk=iphoneos*]" = UIStatusBarStyleDefault;
				"INFOPLIST_KEY_UIStatusBarStyle[sdk=iphonesimulator*]" = UIStatusBarStyleDefault;
				INFOPLIST_KEY_UISupportedInterfaceOrientations_iPad = "UIInterfaceOrientationPortrait UIInterfaceOrientationPortraitUpsideDown UIInterfaceOrientationLandscapeLeft UIInterfaceOrientationLandscapeRight";
				INFOPLIST_KEY_UISupportedInterfaceOrientations_iPhone = "UIInterfaceOrientationPortrait UIInterfaceOrientationLandscapeLeft UIInterfaceOrientationLandscapeRight";
				IPHONEOS_DEPLOYMENT_TARGET = 17.0;
				LD_RUNPATH_SEARCH_PATHS = "@executable_path/Frameworks";
				"LD_RUNPATH_SEARCH_PATHS[sdk=macosx*]" = "@executable_path/../Frameworks";
				MACOSX_DEPLOYMENT_TARGET = 13.5;
				MARKETING_VERSION = 1.0;
				PRODUCT_BUNDLE_IDENTIFIER = ZackKlopukh.Project3Animations;
				PRODUCT_NAME = "$(TARGET_NAME)";
				SDKROOT = auto;
				SUPPORTED_PLATFORMS = "iphoneos iphonesimulator macosx";
				SWIFT_EMIT_LOC_STRINGS = YES;
				SWIFT_VERSION = 5.0;
				TARGETED_DEVICE_FAMILY = "1,2";
			};
			name = Release;
		};
		10BA2FA62B02B78A0004DF69 /* Debug */ = {
			isa = XCBuildConfiguration;
			buildSettings = {
				ALWAYS_EMBED_SWIFT_STANDARD_LIBRARIES = YES;
				BUNDLE_LOADER = "$(TEST_HOST)";
				CODE_SIGN_STYLE = Automatic;
				CURRENT_PROJECT_VERSION = 1;
				DEVELOPMENT_TEAM = 939KBM9622;
				GENERATE_INFOPLIST_FILE = YES;
				IPHONEOS_DEPLOYMENT_TARGET = 17.0;
				MACOSX_DEPLOYMENT_TARGET = 13.5;
				MARKETING_VERSION = 1.0;
				PRODUCT_BUNDLE_IDENTIFIER = ZackKlopukh.Project3AnimationsTests;
				PRODUCT_NAME = "$(TARGET_NAME)";
				SDKROOT = auto;
				SUPPORTED_PLATFORMS = "iphoneos iphonesimulator macosx";
				SWIFT_EMIT_LOC_STRINGS = NO;
				SWIFT_VERSION = 5.0;
				TARGETED_DEVICE_FAMILY = "1,2";
				TEST_HOST = "$(BUILT_PRODUCTS_DIR)/Project3Animations.app/$(BUNDLE_EXECUTABLE_FOLDER_PATH)/Project3Animations";
			};
			name = Debug;
		};
		10BA2FA72B02B78A0004DF69 /* Release */ = {
			isa = XCBuildConfiguration;
			buildSettings = {
				ALWAYS_EMBED_SWIFT_STANDARD_LIBRARIES = YES;
				BUNDLE_LOADER = "$(TEST_HOST)";
				CODE_SIGN_STYLE = Automatic;
				CURRENT_PROJECT_VERSION = 1;
				DEVELOPMENT_TEAM = 939KBM9622;
				GENERATE_INFOPLIST_FILE = YES;
				IPHONEOS_DEPLOYMENT_TARGET = 17.0;
				MACOSX_DEPLOYMENT_TARGET = 13.5;
				MARKETING_VERSION = 1.0;
				PRODUCT_BUNDLE_IDENTIFIER = ZackKlopukh.Project3AnimationsTests;
				PRODUCT_NAME = "$(TARGET_NAME)";
				SDKROOT = auto;
				SUPPORTED_PLATFORMS = "iphoneos iphonesimulator macosx";
				SWIFT_EMIT_LOC_STRINGS = NO;
				SWIFT_VERSION = 5.0;
				TARGETED_DEVICE_FAMILY = "1,2";
				TEST_HOST = "$(BUILT_PRODUCTS_DIR)/Project3Animations.app/$(BUNDLE_EXECUTABLE_FOLDER_PATH)/Project3Animations";
			};
			name = Release;
		};
		10BA2FA92B02B78A0004DF69 /* Debug */ = {
			isa = XCBuildConfiguration;
			buildSettings = {
				ALWAYS_EMBED_SWIFT_STANDARD_LIBRARIES = YES;
				CODE_SIGN_STYLE = Automatic;
				CURRENT_PROJECT_VERSION = 1;
				DEVELOPMENT_TEAM = 939KBM9622;
				GENERATE_INFOPLIST_FILE = YES;
				IPHONEOS_DEPLOYMENT_TARGET = 17.0;
				MACOSX_DEPLOYMENT_TARGET = 13.5;
				MARKETING_VERSION = 1.0;
				PRODUCT_BUNDLE_IDENTIFIER = ZackKlopukh.Project3AnimationsUITests;
				PRODUCT_NAME = "$(TARGET_NAME)";
				SDKROOT = auto;
				SUPPORTED_PLATFORMS = "iphoneos iphonesimulator macosx";
				SWIFT_EMIT_LOC_STRINGS = NO;
				SWIFT_VERSION = 5.0;
				TARGETED_DEVICE_FAMILY = "1,2";
				TEST_TARGET_NAME = Project3Animations;
			};
			name = Debug;
		};
		10BA2FAA2B02B78A0004DF69 /* Release */ = {
			isa = XCBuildConfiguration;
			buildSettings = {
				ALWAYS_EMBED_SWIFT_STANDARD_LIBRARIES = YES;
				CODE_SIGN_STYLE = Automatic;
				CURRENT_PROJECT_VERSION = 1;
				DEVELOPMENT_TEAM = 939KBM9622;
				GENERATE_INFOPLIST_FILE = YES;
				IPHONEOS_DEPLOYMENT_TARGET = 17.0;
				MACOSX_DEPLOYMENT_TARGET = 13.5;
				MARKETING_VERSION = 1.0;
				PRODUCT_BUNDLE_IDENTIFIER = ZackKlopukh.Project3AnimationsUITests;
				PRODUCT_NAME = "$(TARGET_NAME)";
				SDKROOT = auto;
				SUPPORTED_PLATFORMS = "iphoneos iphonesimulator macosx";
				SWIFT_EMIT_LOC_STRINGS = NO;
				SWIFT_VERSION = 5.0;
				TARGETED_DEVICE_FAMILY = "1,2";
				TEST_TARGET_NAME = Project3Animations;
			};
			name = Release;
		};
/* End XCBuildConfiguration section */

/* Begin XCConfigurationList section */
		10BA2F782B02B7890004DF69 /* Build configuration list for PBXProject "Project3Animations" */ = {
			isa = XCConfigurationList;
			buildConfigurations = (
				10BA2FA02B02B78A0004DF69 /* Debug */,
				10BA2FA12B02B78A0004DF69 /* Release */,
			);
			defaultConfigurationIsVisible = 0;
			defaultConfigurationName = Release;
		};
		10BA2FA22B02B78A0004DF69 /* Build configuration list for PBXNativeTarget "Project3Animations" */ = {
			isa = XCConfigurationList;
			buildConfigurations = (
				10BA2FA32B02B78A0004DF69 /* Debug */,
				10BA2FA42B02B78A0004DF69 /* Release */,
			);
			defaultConfigurationIsVisible = 0;
			defaultConfigurationName = Release;
		};
		10BA2FA52B02B78A0004DF69 /* Build configuration list for PBXNativeTarget "Project3AnimationsTests" */ = {
			isa = XCConfigurationList;
			buildConfigurations = (
				10BA2FA62B02B78A0004DF69 /* Debug */,
				10BA2FA72B02B78A0004DF69 /* Release */,
			);
			defaultConfigurationIsVisible = 0;
			defaultConfigurationName = Release;
		};
		10BA2FA82B02B78A0004DF69 /* Build configuration list for PBXNativeTarget "Project3AnimationsUITests" */ = {
			isa = XCConfigurationList;
			buildConfigurations = (
				10BA2FA92B02B78A0004DF69 /* Debug */,
				10BA2FAA2B02B78A0004DF69 /* Release */,
			);
			defaultConfigurationIsVisible = 0;
			defaultConfigurationName = Release;
		};
/* End XCConfigurationList section */
	};
	rootObject = 10BA2F752B02B7890004DF69 /* Project object */;
}
